
Microsoft Visual Studio Solution File, Format Version 12.00
# Visual Studio 15
VisualStudioVersion = 15.0.28307.572
MinimumVisualStudioVersion = 10.0.40219.1
Project("{E24C65DC-7377-472B-9ABA-BC803B73C61A}") = "WebSite8", "WebSite8\", "{7E2F6ADA-2252-4879-8B8F-DAC8967156BA}"
	ProjectSection(WebsiteProperties) = preProject
		TargetFrameworkMoniker = ".NETFramework,Version%3Dv4.6.1"
		Debug.AspNetCompiler.VirtualPath = "/localhost_49273"
		Debug.AspNetCompiler.PhysicalPath = "WebSite8\"
		Debug.AspNetCompiler.TargetPath = "PrecompiledWeb\localhost_49273\"
		Debug.AspNetCompiler.Updateable = "true"
		Debug.AspNetCompiler.ForceOverwrite = "true"
		Debug.AspNetCompiler.FixedNames = "false"
		Debug.AspNetCompiler.Debug = "True"
		Release.AspNetCompiler.VirtualPath = "/localhost_49273"
		Release.AspNetCompiler.PhysicalPath = "WebSite8\"
		Release.AspNetCompiler.TargetPath = "PrecompiledWeb\localhost_49273\"
		Release.AspNetCompiler.Updateable = "true"
		Release.AspNetCompiler.ForceOverwrite = "true"
		Release.AspNetCompiler.FixedNames = "false"
		Release.AspNetCompiler.Debug = "False"
		VWDPort = "49273"
		SlnRelativePath = "WebSite8\"
		DefaultWebSiteLanguage = "Visual C#"
	EndProjectSection
EndProject
Global
	GlobalSection(SolutionConfigurationPlatforms) = preSolution
		Debug|Any CPU = Debug|Any CPU
	EndGlobalSection
	GlobalSection(ProjectConfigurationPlatforms) = postSolution
		{7E2F6ADA-2252-4879-8B8F-DAC8967156BA}.Debug|Any CPU.ActiveCfg = Debug|Any CPU
		{7E2F6ADA-2252-4879-8B8F-DAC8967156BA}.Debug|Any CPU.Build.0 = Debug|Any CPU
	EndGlobalSection
	GlobalSection(SolutionProperties) = preSolution
		HideSolutionNode = FALSE
	EndGlobalSection
	GlobalSection(ExtensibilityGlobals) = postSolution
		SolutionGuid = {5D698500-BF99-4DCA-A5C3-E7F20D395478}
	EndGlobalSection
EndGlobal
